
Microsoft Visual Studio Solution File, Format Version 12.00
# Visual Studio Version 17
VisualStudioVersion = 17.8.34309.116
MinimumVisualStudioVersion = 10.0.40219.1
Project("{FAE04EC0-301F-11D3-BF4B-00C04F79EFBC}") = "tyuiu.oop.SalienkoMN.VyalikNA.NetCoreWebAppLibrary", "tyuiu.oop.SalienkoMN.VyalikNA.NetCoreWebAppLibrary\tyuiu.oop.SalienkoMN.VyalikNA.NetCoreWebAppLibrary.csproj", "{D0EAFB4C-AB41-49BC-A005-6931E41AB95D}"
EndProject
Global
	GlobalSection(SolutionConfigurationPlatforms) = preSolution
		Debug|Any CPU = Debug|Any CPU
		Release|Any CPU = Release|Any CPU
	EndGlobalSection
	GlobalSection(ProjectConfigurationPlatforms) = postSolution
		{D0EAFB4C-AB41-49BC-A005-6931E41AB95D}.Debug|Any CPU.ActiveCfg = Debug|Any CPU
		{D0EAFB4C-AB41-49BC-A005-6931E41AB95D}.Debug|Any CPU.Build.0 = Debug|Any CPU
		{D0EAFB4C-AB41-49BC-A005-6931E41AB95D}.Release|Any CPU.ActiveCfg = Release|Any CPU
		{D0EAFB4C-AB41-49BC-A005-6931E41AB95D}.Release|Any CPU.Build.0 = Release|Any CPU
	EndGlobalSection
	GlobalSection(SolutionProperties) = preSolution
		HideSolutionNode = FALSE
	EndGlobalSection
	GlobalSection(ExtensibilityGlobals) = postSolution
		SolutionGuid = {869F43D4-D906-4969-981C-ED70CE4AEA94}
	EndGlobalSection
EndGlobal
